
Microsoft Visual Studio Solution File, Format Version 12.00
# Visual Studio Version 17
VisualStudioVersion = 17.8.34511.84
MinimumVisualStudioVersion = 10.0.40219.1
Project("{FAE04EC0-301F-11D3-BF4B-00C04F79EFBC}") = "POE. Practical Activity", "POE. Practical Activity\POE. Practical Activity.csproj", "{D0336751-5430-4B0C-91BE-232F439EC700}"
EndProject
Global
	GlobalSection(SolutionConfigurationPlatforms) = preSolution
		Debug|Any CPU = Debug|Any CPU
		Release|Any CPU = Release|Any CPU
	EndGlobalSection
	GlobalSection(ProjectConfigurationPlatforms) = postSolution
		{D0336751-5430-4B0C-91BE-232F439EC700}.Debug|Any CPU.ActiveCfg = Debug|Any CPU
		{D0336751-5430-4B0C-91BE-232F439EC700}.Debug|Any CPU.Build.0 = Debug|Any CPU
		{D0336751-5430-4B0C-91BE-232F439EC700}.Release|Any CPU.ActiveCfg = Release|Any CPU
		{D0336751-5430-4B0C-91BE-232F439EC700}.Release|Any CPU.Build.0 = Release|Any CPU
	EndGlobalSection
	GlobalSection(SolutionProperties) = preSolution
		HideSolutionNode = FALSE
	EndGlobalSection
	GlobalSection(ExtensibilityGlobals) = postSolution
		SolutionGuid = {7634AC41-6C89-4C7C-B6A6-A57953B9DDA1}
	EndGlobalSection
EndGlobal
